
Microsoft Visual Studio Solution File, Format Version 12.00
# Visual Studio Version 17
VisualStudioVersion = 17.7.34031.279
MinimumVisualStudioVersion = 10.0.40219.1
Project("{FAE04EC0-301F-11D3-BF4B-00C04F79EFBC}") = "MauiApp1", "MauiApp1\MauiApp1.csproj", "{AB56F404-2908-435E-A62F-EDC7139DD60A}"
EndProject
Global
	GlobalSection(SolutionConfigurationPlatforms) = preSolution
		Debug|Any CPU = Debug|Any CPU
		Release|Any CPU = Release|Any CPU
	EndGlobalSection
	GlobalSection(ProjectConfigurationPlatforms) = postSolution
		{AB56F404-2908-435E-A62F-EDC7139DD60A}.Debug|Any CPU.ActiveCfg = Debug|Any CPU
		{AB56F404-2908-435E-A62F-EDC7139DD60A}.Debug|Any CPU.Build.0 = Debug|Any CPU
		{AB56F404-2908-435E-A62F-EDC7139DD60A}.Debug|Any CPU.Deploy.0 = Debug|Any CPU
		{AB56F404-2908-435E-A62F-EDC7139DD60A}.Release|Any CPU.ActiveCfg = Release|Any CPU
		{AB56F404-2908-435E-A62F-EDC7139DD60A}.Release|Any CPU.Build.0 = Release|Any CPU
		{AB56F404-2908-435E-A62F-EDC7139DD60A}.Release|Any CPU.Deploy.0 = Release|Any CPU
	EndGlobalSection
	GlobalSection(SolutionProperties) = preSolution
		HideSolutionNode = FALSE
	EndGlobalSection
	GlobalSection(ExtensibilityGlobals) = postSolution
		SolutionGuid = {7FDF78AD-CE1F-4CB6-992A-31E3839CEC4C}
	EndGlobalSection
EndGlobal
